
Microsoft Visual Studio Solution File, Format Version 12.00
# Visual Studio Version 17
VisualStudioVersion = 17.12.35527.113
MinimumVisualStudioVersion = 10.0.40219.1
Project("{FAE04EC0-301F-11D3-BF4B-00C04F79EFBC}") = "Day1", "Day1\Day1.csproj", "{904F1CA5-68CA-4004-80ED-4B137FBA3D17}"
EndProject
Project("{FAE04EC0-301F-11D3-BF4B-00C04F79EFBC}") = "Day2", "Day2\Day2.csproj", "{A4A4416F-6BF3-469A-8FC7-6FA481C327AF}"
EndProject
Project("{FAE04EC0-301F-11D3-BF4B-00C04F79EFBC}") = "Day3", "Day3\Day3.csproj", "{17F1D88F-DA1B-4C0B-8E11-BE75418D5A4E}"
EndProject
Project("{FAE04EC0-301F-11D3-BF4B-00C04F79EFBC}") = "Day4", "Day4\Day4.csproj", "{B755B2A5-026D-41AA-8059-DD41237E5C6C}"
EndProject
Project("{FAE04EC0-301F-11D3-BF4B-00C04F79EFBC}") = "Day5", "Day5\Day5.csproj", "{2A24FCFA-523C-4EBA-80C8-22CA8C51A542}"
EndProject
Project("{FAE04EC0-301F-11D3-BF4B-00C04F79EFBC}") = "Day6", "Day6\Day6.csproj", "{FA9D983B-5ED5-44D3-8667-7FD2D56F14AA}"
EndProject
Project("{FAE04EC0-301F-11D3-BF4B-00C04F79EFBC}") = "Day7", "Day7\Day7.csproj", "{8EBE46B2-B780-455A-9812-69ACD543EDF1}"
EndProject
Project("{FAE04EC0-301F-11D3-BF4B-00C04F79EFBC}") = "Day8", "Day8\Day8.csproj", "{D5C16D87-5E6A-4247-A87B-1AC413860771}"
EndProject
Project("{FAE04EC0-301F-11D3-BF4B-00C04F79EFBC}") = "Day9", "Day9\Day9.csproj", "{0D289E68-8D2A-4376-AA74-8DBE79D61ED6}"
EndProject
Project("{FAE04EC0-301F-11D3-BF4B-00C04F79EFBC}") = "Day10", "Day10\Day10.csproj", "{1117F052-EA5F-4EB8-93E3-9D19BA24F210}"
EndProject
Project("{FAE04EC0-301F-11D3-BF4B-00C04F79EFBC}") = "Day11", "Day11\Day11.csproj", "{5406867A-3FFE-4253-96F7-DAF360C88472}"
EndProject
Project("{FAE04EC0-301F-11D3-BF4B-00C04F79EFBC}") = "Day12", "Day12\Day12.csproj", "{DEC538D5-2837-48A3-B2B9-1FE4B1D8287C}"
EndProject
Project("{FAE04EC0-301F-11D3-BF4B-00C04F79EFBC}") = "Day13", "Day13\Day13.csproj", "{E79A10BD-9A5E-4B07-8DCF-E43362ED4F5D}"
EndProject
Project("{FAE04EC0-301F-11D3-BF4B-00C04F79EFBC}") = "Day14", "Day14\Day14.csproj", "{47DF2D5C-B097-459E-952E-88DB8DD452DC}"
EndProject
Global
	GlobalSection(SolutionConfigurationPlatforms) = preSolution
		Debug|Any CPU = Debug|Any CPU
		Release|Any CPU = Release|Any CPU
	EndGlobalSection
	GlobalSection(ProjectConfigurationPlatforms) = postSolution
		{904F1CA5-68CA-4004-80ED-4B137FBA3D17}.Debug|Any CPU.ActiveCfg = Debug|Any CPU
		{904F1CA5-68CA-4004-80ED-4B137FBA3D17}.Debug|Any CPU.Build.0 = Debug|Any CPU
		{904F1CA5-68CA-4004-80ED-4B137FBA3D17}.Release|Any CPU.ActiveCfg = Release|Any CPU
		{904F1CA5-68CA-4004-80ED-4B137FBA3D17}.Release|Any CPU.Build.0 = Release|Any CPU
		{A4A4416F-6BF3-469A-8FC7-6FA481C327AF}.Debug|Any CPU.ActiveCfg = Debug|Any CPU
		{A4A4416F-6BF3-469A-8FC7-6FA481C327AF}.Debug|Any CPU.Build.0 = Debug|Any CPU
		{A4A4416F-6BF3-469A-8FC7-6FA481C327AF}.Release|Any CPU.ActiveCfg = Release|Any CPU
		{A4A4416F-6BF3-469A-8FC7-6FA481C327AF}.Release|Any CPU.Build.0 = Release|Any CPU
		{17F1D88F-DA1B-4C0B-8E11-BE75418D5A4E}.Debug|Any CPU.ActiveCfg = Debug|Any CPU
		{17F1D88F-DA1B-4C0B-8E11-BE75418D5A4E}.Debug|Any CPU.Build.0 = Debug|Any CPU
		{17F1D88F-DA1B-4C0B-8E11-BE75418D5A4E}.Release|Any CPU.ActiveCfg = Release|Any CPU
		{17F1D88F-DA1B-4C0B-8E11-BE75418D5A4E}.Release|Any CPU.Build.0 = Release|Any CPU
		{B755B2A5-026D-41AA-8059-DD41237E5C6C}.Debug|Any CPU.ActiveCfg = Debug|Any CPU
		{B755B2A5-026D-41AA-8059-DD41237E5C6C}.Debug|Any CPU.Build.0 = Debug|Any CPU
		{B755B2A5-026D-41AA-8059-DD41237E5C6C}.Release|Any CPU.ActiveCfg = Release|Any CPU
		{B755B2A5-026D-41AA-8059-DD41237E5C6C}.Release|Any CPU.Build.0 = Release|Any CPU
		{2A24FCFA-523C-4EBA-80C8-22CA8C51A542}.Debug|Any CPU.ActiveCfg = Debug|Any CPU
		{2A24FCFA-523C-4EBA-80C8-22CA8C51A542}.Debug|Any CPU.Build.0 = Debug|Any CPU
		{2A24FCFA-523C-4EBA-80C8-22CA8C51A542}.Release|Any CPU.ActiveCfg = Release|Any CPU
		{2A24FCFA-523C-4EBA-80C8-22CA8C51A542}.Release|Any CPU.Build.0 = Release|Any CPU
		{FA9D983B-5ED5-44D3-8667-7FD2D56F14AA}.Debug|Any CPU.ActiveCfg = Debug|Any CPU
		{FA9D983B-5ED5-44D3-8667-7FD2D56F14AA}.Debug|Any CPU.Build.0 = Debug|Any CPU
		{FA9D983B-5ED5-44D3-8667-7FD2D56F14AA}.Release|Any CPU.ActiveCfg = Release|Any CPU
		{FA9D983B-5ED5-44D3-8667-7FD2D56F14AA}.Release|Any CPU.Build.0 = Release|Any CPU
		{8EBE46B2-B780-455A-9812-69ACD543EDF1}.Debug|Any CPU.ActiveCfg = Debug|Any CPU
		{8EBE46B2-B780-455A-9812-69ACD543EDF1}.Debug|Any CPU.Build.0 = Debug|Any CPU
		{8EBE46B2-B780-455A-9812-69ACD543EDF1}.Release|Any CPU.ActiveCfg = Release|Any CPU
		{8EBE46B2-B780-455A-9812-69ACD543EDF1}.Release|Any CPU.Build.0 = Release|Any CPU
		{D5C16D87-5E6A-4247-A87B-1AC413860771}.Debug|Any CPU.ActiveCfg = Debug|Any CPU
		{D5C16D87-5E6A-4247-A87B-1AC413860771}.Debug|Any CPU.Build.0 = Debug|Any CPU
		{D5C16D87-5E6A-4247-A87B-1AC413860771}.Release|Any CPU.ActiveCfg = Release|Any CPU
		{D5C16D87-5E6A-4247-A87B-1AC413860771}.Release|Any CPU.Build.0 = Release|Any CPU
		{0D289E68-8D2A-4376-AA74-8DBE79D61ED6}.Debug|Any CPU.ActiveCfg = Debug|Any CPU
		{0D289E68-8D2A-4376-AA74-8DBE79D61ED6}.Debug|Any CPU.Build.0 = Debug|Any CPU
		{0D289E68-8D2A-4376-AA74-8DBE79D61ED6}.Release|Any CPU.ActiveCfg = Release|Any CPU
		{0D289E68-8D2A-4376-AA74-8DBE79D61ED6}.Release|Any CPU.Build.0 = Release|Any CPU
		{1117F052-EA5F-4EB8-93E3-9D19BA24F210}.Debug|Any CPU.ActiveCfg = Debug|Any CPU
		{1117F052-EA5F-4EB8-93E3-9D19BA24F210}.Debug|Any CPU.Build.0 = Debug|Any CPU
		{1117F052-EA5F-4EB8-93E3-9D19BA24F210}.Release|Any CPU.ActiveCfg = Release|Any CPU
		{1117F052-EA5F-4EB8-93E3-9D19BA24F210}.Release|Any CPU.Build.0 = Release|Any CPU
		{5406867A-3FFE-4253-96F7-DAF360C88472}.Debug|Any CPU.ActiveCfg = Debug|Any CPU
		{5406867A-3FFE-4253-96F7-DAF360C88472}.Debug|Any CPU.Build.0 = Debug|Any CPU
		{5406867A-3FFE-4253-96F7-DAF360C88472}.Release|Any CPU.ActiveCfg = Release|Any CPU
		{5406867A-3FFE-4253-96F7-DAF360C88472}.Release|Any CPU.Build.0 = Release|Any CPU
		{DEC538D5-2837-48A3-B2B9-1FE4B1D8287C}.Debug|Any CPU.ActiveCfg = Debug|Any CPU
		{DEC538D5-2837-48A3-B2B9-1FE4B1D8287C}.Debug|Any CPU.Build.0 = Debug|Any CPU
		{DEC538D5-2837-48A3-B2B9-1FE4B1D8287C}.Release|Any CPU.ActiveCfg = Release|Any CPU
		{DEC538D5-2837-48A3-B2B9-1FE4B1D8287C}.Release|Any CPU.Build.0 = Release|Any CPU
		{E79A10BD-9A5E-4B07-8DCF-E43362ED4F5D}.Debug|Any CPU.ActiveCfg = Debug|Any CPU
		{E79A10BD-9A5E-4B07-8DCF-E43362ED4F5D}.Debug|Any CPU.Build.0 = Debug|Any CPU
		{E79A10BD-9A5E-4B07-8DCF-E43362ED4F5D}.Release|Any CPU.ActiveCfg = Release|Any CPU
		{E79A10BD-9A5E-4B07-8DCF-E43362ED4F5D}.Release|Any CPU.Build.0 = Release|Any CPU
		{47DF2D5C-B097-459E-952E-88DB8DD452DC}.Debug|Any CPU.ActiveCfg = Debug|Any CPU
		{47DF2D5C-B097-459E-952E-88DB8DD452DC}.Debug|Any CPU.Build.0 = Debug|Any CPU
		{47DF2D5C-B097-459E-952E-88DB8DD452DC}.Release|Any CPU.ActiveCfg = Release|Any CPU
		{47DF2D5C-B097-459E-952E-88DB8DD452DC}.Release|Any CPU.Build.0 = Release|Any CPU
	EndGlobalSection
	GlobalSection(SolutionProperties) = preSolution
		HideSolutionNode = FALSE
	EndGlobalSection
EndGlobal
